
Microsoft Visual Studio Solution File, Format Version 12.00
# Visual Studio Version 17
VisualStudioVersion = 17.3.32819.101
MinimumVisualStudioVersion = 10.0.40219.1
Project("{9A19103F-16F7-4668-BE54-9A1E7A4F7556}") = "Almacen.Web", "Almacen.Web\Almacen.Web.csproj", "{E8F375B5-3964-48B1-AC70-553E5AACDDCF}"
EndProject
Project("{9A19103F-16F7-4668-BE54-9A1E7A4F7556}") = "Almacen.Models", "Almacen.Models\Almacen.Models.csproj", "{0C87CAE3-2014-4EF0-BC9C-941E7B13C6B3}"
EndProject
Project("{9A19103F-16F7-4668-BE54-9A1E7A4F7556}") = "Almacen.Logic", "Almacen.Logic\Almacen.Logic.csproj", "{51F37582-07A0-4E3A-AE87-F56B39CE1A77}"
EndProject
Global
	GlobalSection(SolutionConfigurationPlatforms) = preSolution
		Debug|Any CPU = Debug|Any CPU
		Release|Any CPU = Release|Any CPU
	EndGlobalSection
	GlobalSection(ProjectConfigurationPlatforms) = postSolution
		{E8F375B5-3964-48B1-AC70-553E5AACDDCF}.Debug|Any CPU.ActiveCfg = Debug|Any CPU
		{E8F375B5-3964-48B1-AC70-553E5AACDDCF}.Debug|Any CPU.Build.0 = Debug|Any CPU
		{E8F375B5-3964-48B1-AC70-553E5AACDDCF}.Release|Any CPU.ActiveCfg = Release|Any CPU
		{E8F375B5-3964-48B1-AC70-553E5AACDDCF}.Release|Any CPU.Build.0 = Release|Any CPU
		{0C87CAE3-2014-4EF0-BC9C-941E7B13C6B3}.Debug|Any CPU.ActiveCfg = Debug|Any CPU
		{0C87CAE3-2014-4EF0-BC9C-941E7B13C6B3}.Debug|Any CPU.Build.0 = Debug|Any CPU
		{0C87CAE3-2014-4EF0-BC9C-941E7B13C6B3}.Release|Any CPU.ActiveCfg = Release|Any CPU
		{0C87CAE3-2014-4EF0-BC9C-941E7B13C6B3}.Release|Any CPU.Build.0 = Release|Any CPU
		{51F37582-07A0-4E3A-AE87-F56B39CE1A77}.Debug|Any CPU.ActiveCfg = Debug|Any CPU
		{51F37582-07A0-4E3A-AE87-F56B39CE1A77}.Debug|Any CPU.Build.0 = Debug|Any CPU
		{51F37582-07A0-4E3A-AE87-F56B39CE1A77}.Release|Any CPU.ActiveCfg = Release|Any CPU
		{51F37582-07A0-4E3A-AE87-F56B39CE1A77}.Release|Any CPU.Build.0 = Release|Any CPU
	EndGlobalSection
	GlobalSection(SolutionProperties) = preSolution
		HideSolutionNode = FALSE
	EndGlobalSection
	GlobalSection(ExtensibilityGlobals) = postSolution
		SolutionGuid = {AA63040E-B4DB-4FEB-A20B-011990D414E9}
	EndGlobalSection
EndGlobal
